// !$*UTF8*$!
{
	archiveVersion = 1;
	classes = {
	};
	objectVersion = 46;
	objects = {

/* Begin PBXBuildFile section */
		2C6BEC0F19CE5B7900402DFE /* AppDelegate.swift in Sources */ = {isa = PBXBuildFile; fileRef = 2C6BEC0E19CE5B7900402DFE /* AppDelegate.swift */; };
		2C6BEC1119CE5B7900402DFE /* ViewController.swift in Sources */ = {isa = PBXBuildFile; fileRef = 2C6BEC1019CE5B7900402DFE /* ViewController.swift */; };
		2C6BEC1419CE5B7900402DFE /* Main.storyboard in Resources */ = {isa = PBXBuildFile; fileRef = 2C6BEC1219CE5B7900402DFE /* Main.storyboard */; };
		2C6BEC1619CE5B7900402DFE /* Images.xcassets in Resources */ = {isa = PBXBuildFile; fileRef = 2C6BEC1519CE5B7900402DFE /* Images.xcassets */; };
		2C6BEC1919CE5B7900402DFE /* LaunchScreen.xib in Resources */ = {isa = PBXBuildFile; fileRef = 2C6BEC1719CE5B7900402DFE /* LaunchScreen.xib */; };
		2C6BEC2519CE5B7900402DFE /* DemoTests.swift in Sources */ = {isa = PBXBuildFile; fileRef = 2C6BEC2419CE5B7900402DFE /* DemoTests.swift */; };
/* End PBXBuildFile section */

/* Begin PBXContainerItemProxy section */
		2C6BEC1F19CE5B7900402DFE /* PBXContainerItemProxy */ = {
			isa = PBXContainerItemProxy;
			containerPortal = 2C6BEC0119CE5B7900402DFE /* Project object */;
			proxyType = 1;
			remoteGlobalIDString = 2C6BEC0819CE5B7900402DFE;
			remoteInfo = Demo;
		};
/* End PBXContainerItemProxy section */

/* Begin PBXFileReference section */
		2C6BEC0919CE5B7900402DFE /* Demo.app */ = {isa = PBXFileReference; explicitFileType = wrapper.application; includeInIndex = 0; path = Demo.app; sourceTree = BUILT_PRODUCTS_DIR; };
		2C6BEC0D19CE5B7900402DFE /* Info.plist */ = {isa = PBXFileReference; lastKnownFileType = text.plist.xml; path = Info.plist; sourceTree = "<group>"; };
		2C6BEC0E19CE5B7900402DFE /* AppDelegate.swift */ = {isa = PBXFileReference; lastKnownFileType = sourcecode.swift; path = AppDelegate.swift; sourceTree = "<group>"; };
		2C6BEC1019CE5B7900402DFE /* ViewController.swift */ = {isa = PBXFileReference; lastKnownFileType = sourcecode.swift; path = ViewController.swift; sourceTree = "<group>"; };
		2C6BEC1319CE5B7900402DFE /* Base */ = {isa = PBXFileReference; lastKnownFileType = file.storyboard; name = Base; path = Base.lproj/Main.storyboard; sourceTree = "<group>"; };
		2C6BEC1519CE5B7900402DFE /* Images.xcassets */ = {isa = PBXFileReference; lastKnownFileType = folder.assetcatalog; path = Images.xcassets; sourceTree = "<group>"; };
		2C6BEC1819CE5B7900402DFE /* Base */ = {isa = PBXFileReference; lastKnownFileType = file.xib; name = Base; path = Base.lproj/LaunchScreen.xib; sourceTree = "<group>"; };
		2C6BEC1E19CE5B7900402DFE /* DemoTests.xctest */ = {isa = PBXFileReference; explicitFileType = wrapper.cfbundle; includeInIndex = 0; path = DemoTests.xctest; sourceTree = BUILT_PRODUCTS_DIR; };
		2C6BEC2319CE5B7900402DFE /* Info.plist */ = {isa = PBXFileReference; lastKnownFileType = text.plist.xml; path = Info.plist; sourceTree = "<group>"; };
		2C6BEC2419CE5B7900402DFE /* DemoTests.swift */ = {isa = PBXFileReference; lastKnownFileType = sourcecode.swift; path = DemoTests.swift; sourceTree = "<group>"; };
/* End PBXFileReference section */

/* Begin PBXFrameworksBuildPhase section */
		2C6BEC0619CE5B7900402DFE /* Frameworks */ = {
			isa = PBXFrameworksBuildPhase;
			buildActionMask = 2147483647;
			files = (
			);
			runOnlyForDeploymentPostprocessing = 0;
		};
		2C6BEC1B19CE5B7900402DFE /* Frameworks */ = {
			isa = PBXFrameworksBuildPhase;
			buildActionMask = 2147483647;
			files = (
			);
			runOnlyForDeploymentPostprocessing = 0;
		};
/* End PBXFrameworksBuildPhase section */

/* Begin PBXGroup section */
		2C6BEC0019CE5B7900402DFE = {
			isa = PBXGroup;
			children = (
				2C6BEC0B19CE5B7900402DFE /* Demo */,
				2C6BEC2119CE5B7900402DFE /* DemoTests */,
				2C6BEC0A19CE5B7900402DFE /* Products */,
			);
			sourceTree = "<group>";
		};
		2C6BEC0A19CE5B7900402DFE /* Products */ = {
			isa = PBXGroup;
			children = (
				2C6BEC0919CE5B7900402DFE /* Demo.app */,
				2C6BEC1E19CE5B7900402DFE /* DemoTests.xctest */,
			);
			name = Products;
			sourceTree = "<group>";
		};
		2C6BEC0B19CE5B7900402DFE /* Demo */ = {
			isa = PBXGroup;
			children = (
				2C6BEC0E19CE5B7900402DFE /* AppDelegate.swift */,
				2C6BEC1019CE5B7900402DFE /* ViewController.swift */,
				2C6BEC1219CE5B7900402DFE /* Main.storyboard */,
				2C6BEC1519CE5B7900402DFE /* Images.xcassets */,
				2C6BEC1719CE5B7900402DFE /* LaunchScreen.xib */,
				2C6BEC0C19CE5B7900402DFE /* Supporting Files */,
			);
			path = Demo;
			sourceTree = "<group>";
		};
		2C6BEC0C19CE5B7900402DFE /* Supporting Files */ = {
			isa = PBXGroup;
			children = (
				2C6BEC0D19CE5B7900402DFE /* Info.plist */,
			);
			name = "Supporting Files";
			sourceTree = "<group>";
		};
		2C6BEC2119CE5B7900402DFE /* DemoTests */ = {
			isa = PBXGroup;
			children = (
				2C6BEC2419CE5B7900402DFE /* DemoTests.swift */,
				2C6BEC2219CE5B7900402DFE /* Supporting Files */,
			);
			path = DemoTests;
			sourceTree = "<group>";
		};
		2C6BEC2219CE5B7900402DFE /* Supporting Files */ = {
			isa = PBXGroup;
			children = (
				2C6BEC2319CE5B7900402DFE /* Info.plist */,
			);
			name = "Supporting Files";
			sourceTree = "<group>";
		};
/* End PBXGroup section */

/* Begin PBXNativeTarget section */
		2C6BEC0819CE5B7900402DFE /* Demo */ = {
			isa = PBXNativeTarget;
			buildConfigurationList = 2C6BEC2819CE5B7900402DFE /* Build configuration list for PBXNativeTarget "Demo" */;
			buildPhases = (
				2C6BEC0519CE5B7900402DFE /* Sources */,
				2C6BEC0619CE5B7900402DFE /* Frameworks */,
				2C6BEC0719CE5B7900402DFE /* Resources */,
			);
			buildRules = (
			);
			dependencies = (
			);
			name = Demo;
			productName = Demo;
			productReference = 2C6BEC0919CE5B7900402DFE /* Demo.app */;
			productType = "com.apple.product-type.application";
		};
		2C6BEC1D19CE5B7900402DFE /* DemoTests */ = {
			isa = PBXNativeTarget;
			buildConfigurationList = 2C6BEC2B19CE5B7900402DFE /* Build configuration list for PBXNativeTarget "DemoTests" */;
			buildPhases = (
				2C6BEC1A19CE5B7900402DFE /* Sources */,
				2C6BEC1B19CE5B7900402DFE /* Frameworks */,
				2C6BEC1C19CE5B7900402DFE /* Resources */,
			);
			buildRules = (
			);
			dependencies = (
				2C6BEC2019CE5B7900402DFE /* PBXTargetDependency */,
			);
			name = DemoTests;
			productName = DemoTests;
			productReference = 2C6BEC1E19CE5B7900402DFE /* DemoTests.xctest */;
			productType = "com.apple.product-type.bundle.unit-test";
		};
/* End PBXNativeTarget section */

/* Begin PBXProject section */
		2C6BEC0119CE5B7900402DFE /* Project object */ = {
			isa = PBXProject;
			attributes = {
				LastUpgradeCheck = 0600;
				ORGANIZATIONNAME = Sandeep;
				TargetAttributes = {
					2C6BEC0819CE5B7900402DFE = {
						CreatedOnToolsVersion = 6.0.1;
					};
					2C6BEC1D19CE5B7900402DFE = {
						CreatedOnToolsVersion = 6.0.1;
						TestTargetID = 2C6BEC0819CE5B7900402DFE;
					};
				};
			};
			buildConfigurationList = 2C6BEC0419CE5B7900402DFE /* Build configuration list for PBXProject "Demo" */;
			compatibilityVersion = "Xcode 3.2";
			developmentRegion = English;
			hasScannedForEncodings = 0;
			knownRegions = (
				en,
				Base,
			);
			mainGroup = 2C6BEC0019CE5B7900402DFE;
			productRefGroup = 2C6BEC0A19CE5B7900402DFE /* Products */;
			projectDirPath = "";
			projectRoot = "";
			targets = (
				2C6BEC0819CE5B7900402DFE /* Demo */,
				2C6BEC1D19CE5B7900402DFE /* DemoTests */,
			);
		};
/* End PBXProject section */

/* Begin PBXResourcesBuildPhase section */
		2C6BEC0719CE5B7900402DFE /* Resources */ = {
			isa = PBXResourcesBuildPhase;
			buildActionMask = 2147483647;
			files = (
				2C6BEC1419CE5B7900402DFE /* Main.storyboard in Resources */,
				2C6BEC1919CE5B7900402DFE /* LaunchScreen.xib in Resources */,
				2C6BEC1619CE5B7900402DFE /* Images.xcassets in Resources */,
			);
			runOnlyForDeploymentPostprocessing = 0;
		};
		2C6BEC1C19CE5B7900402DFE /* Resources */ = {
			isa = PBXResourcesBuildPhase;
			buildActionMask = 2147483647;
			files = (
			);
			runOnlyForDeploymentPostprocessing = 0;
		};
/* End PBXResourcesBuildPhase section */

/* Begin PBXSourcesBuildPhase section */
		2C6BEC0519CE5B7900402DFE /* Sources */ = {
			isa = PBXSourcesBuildPhase;
			buildActionMask = 2147483647;
			files = (
				2C6BEC1119CE5B7900402DFE /* ViewController.swift in Sources */,
				2C6BEC0F19CE5B7900402DFE /* AppDelegate.swift in Sources */,
			);
			runOnlyForDeploymentPostprocessing = 0;
		};
		2C6BEC1A19CE5B7900402DFE /* Sources */ = {
			isa = PBXSourcesBuildPhase;
			buildActionMask = 2147483647;
			files = (
				2C6BEC2519CE5B7900402DFE /* DemoTests.swift in Sources */,
			);
			runOnlyForDeploymentPostprocessing = 0;
		};
/* End PBXSourcesBuildPhase section */

/* Begin PBXTargetDependency section */
		2C6BEC2019CE5B7900402DFE /* PBXTargetDependency */ = {
			isa = PBXTargetDependency;
			target = 2C6BEC0819CE5B7900402DFE /* Demo */;
			targetProxy = 2C6BEC1F19CE5B7900402DFE /* PBXContainerItemProxy */;
		};
/* End PBXTargetDependency section */

/* Begin PBXVariantGroup section */
		2C6BEC1219CE5B7900402DFE /* Main.storyboard */ = {
			isa = PBXVariantGroup;
			children = (
				2C6BEC1319CE5B7900402DFE /* Base */,
			);
			name = Main.storyboard;
			sourceTree = "<group>";
		};
		2C6BEC1719CE5B7900402DFE /* LaunchScreen.xib */ = {
			isa = PBXVariantGroup;
			children = (
				2C6BEC1819CE5B7900402DFE /* Base */,
			);
			name = LaunchScreen.xib;
			sourceTree = "<group>";
		};
/* End PBXVariantGroup section */

/* Begin XCBuildConfiguration section */
		2C6BEC2619CE5B7900402DFE /* Debug */ = {
			isa = XCBuildConfiguration;
			buildSettings = {
				ALWAYS_SEARCH_USER_PATHS = NO;
				CLANG_CXX_LANGUAGE_STANDARD = "gnu++0x";
				CLANG_CXX_LIBRARY = "libc++";
				CLANG_ENABLE_MODULES = YES;
				CLANG_ENABLE_OBJC_ARC = YES;
				CLANG_WARN_BOOL_CONVERSION = YES;
				CLANG_WARN_CONSTANT_CONVERSION = YES;
				CLANG_WARN_DIRECT_OBJC_ISA_USAGE = YES_ERROR;
				CLANG_WARN_EMPTY_BODY = YES;
				CLANG_WARN_ENUM_CONVERSION = YES;
				CLANG_WARN_INT_CONVERSION = YES;
				CLANG_WARN_OBJC_ROOT_CLASS = YES_ERROR;
				CLANG_WARN_UNREACHABLE_CODE = YES;
				CLANG_WARN__DUPLICATE_METHOD_MATCH = YES;
				"CODE_SIGN_IDENTITY[sdk=iphoneos*]" = "iPhone Developer";
				COPY_PHASE_STRIP = NO;
				ENABLE_STRICT_OBJC_MSGSEND = YES;
				GCC_C_LANGUAGE_STANDARD = gnu99;
				GCC_DYNAMIC_NO_PIC = NO;
				GCC_OPTIMIZATION_LEVEL = 0;
				GCC_PREPROCESSOR_DEFINITIONS = (
					"DEBUG=1",
					"$(inherited)",
				);
				GCC_SYMBOLS_PRIVATE_EXTERN = NO;
				GCC_WARN_64_TO_32_BIT_CONVERSION = YES;
				GCC_WARN_ABOUT_RETURN_TYPE = YES_ERROR;
				GCC_WARN_UNDECLARED_SELECTOR = YES;
				GCC_WARN_UNINITIALIZED_AUTOS = YES_AGGRESSIVE;
				GCC_WARN_UNUSED_FUNCTION = YES;
				GCC_WARN_UNUSED_VARIABLE = YES;
				IPHONEOS_DEPLOYMENT_TARGET = 8.0;
				MTL_ENABLE_DEBUG_INFO = YES;
				ONLY_ACTIVE_ARCH = YES;
				SDKROOT = iphoneos;
				SWIFT_OPTIMIZATION_LEVEL = "-Onone";
			};
			name = Debug;
		};
		2C6BEC2719CE5B7900402DFE /* Release */ = {
			isa = XCBuildConfiguration;
			buildSettings = {
				ALWAYS_SEARCH_USER_PATHS = NO;
				CLANG_CXX_LANGUAGE_STANDARD = "gnu++0x";
				CLANG_CXX_LIBRARY = "libc++";
				CLANG_ENABLE_MODULES = YES;
				CLANG_ENABLE_OBJC_ARC = YES;
				CLANG_WARN_BOOL_CONVERSION = YES;
				CLANG_WARN_CONSTANT_CONVERSION = YES;
				CLANG_WARN_DIRECT_OBJC_ISA_USAGE = YES_ERROR;
				CLANG_WARN_EMPTY_BODY = YES;
				CLANG_WARN_ENUM_CONVERSION = YES;
				CLANG_WARN_INT_CONVERSION = YES;
				CLANG_WARN_OBJC_ROOT_CLASS = YES_ERROR;
				CLANG_WARN_UNREACHABLE_CODE = YES;
				CLANG_WARN__DUPLICATE_METHOD_MATCH = YES;
				"CODE_SIGN_IDENTITY[sdk=iphoneos*]" = "iPhone Developer";
				COPY_PHASE_STRIP = YES;
				ENABLE_NS_ASSERTIONS = NO;
				ENABLE_STRICT_OBJC_MSGSEND = YES;
				GCC_C_LANGUAGE_STANDARD = gnu99;
				GCC_WARN_64_TO_32_BIT_CONVERSION = YES;
				GCC_WARN_ABOUT_RETURN_TYPE = YES_ERROR;
				GCC_WARN_UNDECLARED_SELECTOR = YES;
				GCC_WARN_UNINITIALIZED_AUTOS = YES_AGGRESSIVE;
				GCC_WARN_UNUSED_FUNCTION = YES;
				GCC_WARN_UNUSED_VARIABLE = YES;
				IPHONEOS_DEPLOYMENT_TARGET = 8.0;
				MTL_ENABLE_DEBUG_INFO = NO;
				SDKROOT = iphoneos;
				VALIDATE_PRODUCT = YES;
			};
			name = Release;
		};
		2C6BEC2919CE5B7900402DFE /* Debug */ = {
			isa = XCBuildConfiguration;
			buildSettings = {
				ASSETCATALOG_COMPILER_APPICON_NAME = AppIcon;
				INFOPLIST_FILE = Demo/Info.plist;
				IPHONEOS_DEPLOYMENT_TARGET = 7.1;
				LD_RUNPATH_SEARCH_PATHS = "$(inherited) @executable_path/Frameworks";
				PRODUCT_NAME = "$(TARGET_NAME)";
				TARGETED_DEVICE_FAMILY = "1,2";
			};
			name = Debug;
		};
		2C6BEC2A19CE5B7900402DFE /* Release */ = {
			isa = XCBuildConfiguration;
			buildSettings = {
				ASSETCATALOG_COMPILER_APPICON_NAME = AppIcon;
				INFOPLIST_FILE = Demo/Info.plist;
				IPHONEOS_DEPLOYMENT_TARGET = 7.1;
				LD_RUNPATH_SEARCH_PATHS = "$(inherited) @executable_path/Frameworks";
				PRODUCT_NAME = "$(TARGET_NAME)";
				TARGETED_DEVICE_FAMILY = "1,2";
			};
			name = Release;
		};
		2C6BEC2C19CE5B7900402DFE /* Debug */ = {
			isa = XCBuildConfiguration;
			buildSettings = {
				BUNDLE_LOADER = "$(TEST_HOST)";
				FRAMEWORK_SEARCH_PATHS = (
					"$(SDKROOT)/Developer/Library/Frameworks",
					"$(inherited)",
				);
				GCC_PREPROCESSOR_DEFINITIONS = (
					"DEBUG=1",
					"$(inherited)",
				);
				INFOPLIST_FILE = DemoTests/Info.plist;
				LD_RUNPATH_SEARCH_PATHS = "$(inherited) @executable_path/Frameworks @loader_path/Frameworks";
				PRODUCT_NAME = "$(TARGET_NAME)";
				TEST_HOST = "$(BUILT_PRODUCTS_DIR)/Demo.app/Demo";
			};
			name = Debug;
		};
		2C6BEC2D19CE5B7900402DFE /* Release */ = {
			isa = XCBuildConfiguration;
			buildSettings = {
				BUNDLE_LOADER = "$(TEST_HOST)";
				FRAMEWORK_SEARCH_PATHS = (
					"$(SDKROOT)/Developer/Library/Frameworks",
					"$(inherited)",
				);
				INFOPLIST_FILE = DemoTests/Info.plist;
				LD_RUNPATH_SEARCH_PATHS = "$(inherited) @executable_path/Frameworks @loader_path/Frameworks";
				PRODUCT_NAME = "$(TARGET_NAME)";
				TEST_HOST = "$(BUILT_PRODUCTS_DIR)/Demo.app/Demo";
			};
			name = Release;
		};
/* End XCBuildConfiguration section */

/* Begin XCConfigurationList section */
		2C6BEC0419CE5B7900402DFE /* Build configuration list for PBXProject "Demo" */ = {
			isa = XCConfigurationList;
			buildConfigurations = (
				2C6BEC2619CE5B7900402DFE /* Debug */,
				2C6BEC2719CE5B7900402DFE /* Release */,
			);
			defaultConfigurationIsVisible = 0;
			defaultConfigurationName = Release;
		};
		2C6BEC2819CE5B7900402DFE /* Build configuration list for PBXNativeTarget "Demo" */ = {
			isa = XCConfigurationList;
			buildConfigurations = (
				2C6BEC2919CE5B7900402DFE /* Debug */,
				2C6BEC2A19CE5B7900402DFE /* Release */,
			);
			defaultConfigurationIsVisible = 0;
		};
		2C6BEC2B19CE5B7900402DFE /* Build configuration list for PBXNativeTarget "DemoTests" */ = {
			isa = XCConfigurationList;
			buildConfigurations = (
				2C6BEC2C19CE5B7900402DFE /* Debug */,
				2C6BEC2D19CE5B7900402DFE /* Release */,
			);
			defaultConfigurationIsVisible = 0;
		};
/* End XCConfigurationList section */
	};
	rootObject = 2C6BEC0119CE5B7900402DFE /* Project object */;
}
